
Microsoft Visual Studio Solution File, Format Version 12.00
# Visual Studio Version 16
VisualStudioVersion = 16.0.30907.101
MinimumVisualStudioVersion = 10.0.40219.1
Project("{9A19103F-16F7-4668-BE54-9A1E7A4F7556}") = "Buisness", "Buisness\Buisness.csproj", "{535C522C-E447-457D-825E-2CB16D25DD51}"
EndProject
Project("{9A19103F-16F7-4668-BE54-9A1E7A4F7556}") = "DataAccess", "DataAccess\DataAccess.csproj", "{D9A5C907-3D91-4365-AB16-AAC09F329C5E}"
EndProject
Project("{9A19103F-16F7-4668-BE54-9A1E7A4F7556}") = "Entities", "Entities\Entities.csproj", "{179C1D40-D280-4458-96FD-9EE865EE24BF}"
EndProject
Project("{9A19103F-16F7-4668-BE54-9A1E7A4F7556}") = "ConsoleUserInterface", "ConsoleUserInterface\ConsoleUserInterface.csproj", "{498675E6-12B0-4C10-9B58-82CD13672488}"
EndProject
Project("{9A19103F-16F7-4668-BE54-9A1E7A4F7556}") = "Core", "Core\Core.csproj", "{600881F2-591E-4606-AD49-6AE93E19D74F}"
EndProject
Project("{FAE04EC0-301F-11D3-BF4B-00C04F79EFBC}") = "WebAPI", "WebAPI\WebAPI.csproj", "{2B49BB18-DB82-4299-9D75-4AE3C4B2D125}"
EndProject
Global
	GlobalSection(SolutionConfigurationPlatforms) = preSolution
		Debug|Any CPU = Debug|Any CPU
		Release|Any CPU = Release|Any CPU
	EndGlobalSection
	GlobalSection(ProjectConfigurationPlatforms) = postSolution
		{535C522C-E447-457D-825E-2CB16D25DD51}.Debug|Any CPU.ActiveCfg = Debug|Any CPU
		{535C522C-E447-457D-825E-2CB16D25DD51}.Debug|Any CPU.Build.0 = Debug|Any CPU
		{535C522C-E447-457D-825E-2CB16D25DD51}.Release|Any CPU.ActiveCfg = Release|Any CPU
		{535C522C-E447-457D-825E-2CB16D25DD51}.Release|Any CPU.Build.0 = Release|Any CPU
		{D9A5C907-3D91-4365-AB16-AAC09F329C5E}.Debug|Any CPU.ActiveCfg = Debug|Any CPU
		{D9A5C907-3D91-4365-AB16-AAC09F329C5E}.Debug|Any CPU.Build.0 = Debug|Any CPU
		{D9A5C907-3D91-4365-AB16-AAC09F329C5E}.Release|Any CPU.ActiveCfg = Release|Any CPU
		{D9A5C907-3D91-4365-AB16-AAC09F329C5E}.Release|Any CPU.Build.0 = Release|Any CPU
		{179C1D40-D280-4458-96FD-9EE865EE24BF}.Debug|Any CPU.ActiveCfg = Debug|Any CPU
		{179C1D40-D280-4458-96FD-9EE865EE24BF}.Debug|Any CPU.Build.0 = Debug|Any CPU
		{179C1D40-D280-4458-96FD-9EE865EE24BF}.Release|Any CPU.ActiveCfg = Release|Any CPU
		{179C1D40-D280-4458-96FD-9EE865EE24BF}.Release|Any CPU.Build.0 = Release|Any CPU
		{498675E6-12B0-4C10-9B58-82CD13672488}.Debug|Any CPU.ActiveCfg = Debug|Any CPU
		{498675E6-12B0-4C10-9B58-82CD13672488}.Debug|Any CPU.Build.0 = Debug|Any CPU
		{498675E6-12B0-4C10-9B58-82CD13672488}.Release|Any CPU.ActiveCfg = Release|Any CPU
		{498675E6-12B0-4C10-9B58-82CD13672488}.Release|Any CPU.Build.0 = Release|Any CPU
		{600881F2-591E-4606-AD49-6AE93E19D74F}.Debug|Any CPU.ActiveCfg = Debug|Any CPU
		{600881F2-591E-4606-AD49-6AE93E19D74F}.Debug|Any CPU.Build.0 = Debug|Any CPU
		{600881F2-591E-4606-AD49-6AE93E19D74F}.Release|Any CPU.ActiveCfg = Release|Any CPU
		{600881F2-591E-4606-AD49-6AE93E19D74F}.Release|Any CPU.Build.0 = Release|Any CPU
		{2B49BB18-DB82-4299-9D75-4AE3C4B2D125}.Debug|Any CPU.ActiveCfg = Debug|Any CPU
		{2B49BB18-DB82-4299-9D75-4AE3C4B2D125}.Debug|Any CPU.Build.0 = Debug|Any CPU
		{2B49BB18-DB82-4299-9D75-4AE3C4B2D125}.Release|Any CPU.ActiveCfg = Release|Any CPU
		{2B49BB18-DB82-4299-9D75-4AE3C4B2D125}.Release|Any CPU.Build.0 = Release|Any CPU
	EndGlobalSection
	GlobalSection(SolutionProperties) = preSolution
		HideSolutionNode = FALSE
	EndGlobalSection
	GlobalSection(ExtensibilityGlobals) = postSolution
		SolutionGuid = {6A593AEB-9B31-4682-B630-9CAF398664AB}
	EndGlobalSection
EndGlobal
